<?xml version="1.0" encoding="utf-8"?>
<Project ToolsVersion="4.0" xmlns="http://schemas.microsoft.com/developer/msbuild/2003">
  <ItemGroup>
    <Filter Include="소스 파일">
      <UniqueIdentifier>{4FC737F1-C7A5-4376-A066-2A32D752A2FF}</UniqueIdentifier>
      <Extensions>cpp;c;cc;cxx;def;odl;idl;hpj;bat;asm;asmx</Extensions>
    </Filter>
    <Filter Include="헤더 파일">
      <UniqueIdentifier>{93995380-89BD-4b04-88EB-625FBE52EBFB}</UniqueIdentifier>
      <Extensions>h;hh;hpp;hxx;hm;inl;inc;ipp;xsd</Extensions>
    </Filter>
    <Filter Include="리소스 파일">
      <UniqueIdentifier>{67DA6AB6-F800-4c08-8B7A-83BB121AAD01}</UniqueIdentifier>
      <Extensions>rc;ico;cur;bmp;dlg;rc2;rct;bin;rgs;gif;jpg;jpeg;jpe;resx;tiff;tif;png;wav;mfcribbon-ms</Extensions>
    </Filter>
    <Filter Include="Lib">
      <UniqueIdentifier>{d5c2c97c-1c13-45eb-94bb-28cf1ee7fc22}</UniqueIdentifier>
    </Filter>
    <Filter Include="Lib\NewFilter1">
      <UniqueIdentifier>{bfabffe6-0f12-4050-a5e6-735de00fbfe5}</UniqueIdentifier>
    </Filter>
    <Filter Include="Lib\IMGUI">
      <UniqueIdentifier>{0ec78d78-245f-4c36-a5f7-bb8321ea2c4c}</UniqueIdentifier>
    </Filter>
  </ItemGroup>
  <ItemGroup>
    <ClCompile Include="main.cpp">
      <Filter>소스 파일</Filter>
    </ClCompile>
    <ClCompile Include="Window.cpp">
      <Filter>소스 파일</Filter>
    </ClCompile>
    <ClCompile Include="Timer.cpp">
      <Filter>소스 파일</Filter>
    </ClCompile>
    <ClCompile Include="DirectXDevice.cpp">
      <Filter>소스 파일</Filter>
    </ClCompile>
    <ClCompile Include="Configuration.cpp">
      <Filter>소스 파일</Filter>
    </ClCompile>
    <ClCompile Include="IMGUI\imgui.cpp">
      <Filter>Lib\IMGUI</Filter>
    </ClCompile>
    <ClCompile Include="IMGUI\imgui_demo.cpp">
      <Filter>Lib\IMGUI</Filter>
    </ClCompile>
    <ClCompile Include="IMGUI\imgui_draw.cpp">
      <Filter>Lib\IMGUI</Filter>
    </ClCompile>
    <ClCompile Include="IMGUI\imgui_impl_dx12.cpp">
      <Filter>Lib\IMGUI</Filter>
    </ClCompile>
    <ClCompile Include="IMGUI\imgui_impl_win32.cpp">
      <Filter>Lib\IMGUI</Filter>
    </ClCompile>
    <ClCompile Include="IMGUI\imgui_widgets.cpp">
      <Filter>Lib\IMGUI</Filter>
    </ClCompile>
  </ItemGroup>
  <ItemGroup>
    <ClInclude Include="Window.h">
      <Filter>헤더 파일</Filter>
    </ClInclude>
    <ClInclude Include="Timer.h">
      <Filter>헤더 파일</Filter>
    </ClInclude>
    <ClInclude Include="Singleton.h">
      <Filter>헤더 파일</Filter>
    </ClInclude>
    <ClInclude Include="Configuration.h">
      <Filter>헤더 파일</Filter>
    </ClInclude>
    <ClInclude Include="DirectXDevice.h">
      <Filter>헤더 파일</Filter>
    </ClInclude>
    <ClInclude Include="d3dx12.h">
      <Filter>Lib\NewFilter1</Filter>
    </ClInclude>
    <ClInclude Include="DirectXHelper.h">
      <Filter>Lib\NewFilter1</Filter>
    </ClInclude>
    <ClInclude Include="IMGUI\imconfig.h">
      <Filter>Lib\IMGUI</Filter>
    </ClInclude>
    <ClInclude Include="IMGUI\imgui.h">
      <Filter>Lib\IMGUI</Filter>
    </ClInclude>
    <ClInclude Include="IMGUI\imgui_impl_dx12.h">
      <Filter>Lib\IMGUI</Filter>
    </ClInclude>
    <ClInclude Include="IMGUI\imgui_impl_win32.h">
      <Filter>Lib\IMGUI</Filter>
    </ClInclude>
    <ClInclude Include="IMGUI\imgui_internal.h">
      <Filter>Lib\IMGUI</Filter>
    </ClInclude>
    <ClInclude Include="IMGUI\imstb_rectpack.h">
      <Filter>Lib\IMGUI</Filter>
    </ClInclude>
    <ClInclude Include="IMGUI\imstb_textedit.h">
      <Filter>Lib\IMGUI</Filter>
    </ClInclude>
    <ClInclude Include="IMGUI\imstb_truetype.h">
      <Filter>Lib\IMGUI</Filter>
    </ClInclude>
  </ItemGroup>
</Project>